
Microsoft Visual Studio Solution File, Format Version 12.00
# Visual Studio Version 17
VisualStudioVersion = 17.2.32630.192
MinimumVisualStudioVersion = 10.0.40219.1
Project("{FAE04EC0-301F-11D3-BF4B-00C04F79EFBC}") = "EmailSenderMq", "EmailSenderMq\EmailSenderMq.csproj", "{6FDCCEF6-B5BC-4514-B630-85E4E307BCF0}"
EndProject
Project("{FAE04EC0-301F-11D3-BF4B-00C04F79EFBC}") = "ServerEmailSender", "ServerEmailSender\ServerEmailSender.csproj", "{72BCD758-B3D5-4D9B-AD08-24E3E5EE888E}"
EndProject
Global
	GlobalSection(SolutionConfigurationPlatforms) = preSolution
		Debug|Any CPU = Debug|Any CPU
		Release|Any CPU = Release|Any CPU
	EndGlobalSection
	GlobalSection(ProjectConfigurationPlatforms) = postSolution
		{6FDCCEF6-B5BC-4514-B630-85E4E307BCF0}.Debug|Any CPU.ActiveCfg = Debug|Any CPU
		{6FDCCEF6-B5BC-4514-B630-85E4E307BCF0}.Debug|Any CPU.Build.0 = Debug|Any CPU
		{6FDCCEF6-B5BC-4514-B630-85E4E307BCF0}.Release|Any CPU.ActiveCfg = Release|Any CPU
		{6FDCCEF6-B5BC-4514-B630-85E4E307BCF0}.Release|Any CPU.Build.0 = Release|Any CPU
		{72BCD758-B3D5-4D9B-AD08-24E3E5EE888E}.Debug|Any CPU.ActiveCfg = Debug|Any CPU
		{72BCD758-B3D5-4D9B-AD08-24E3E5EE888E}.Debug|Any CPU.Build.0 = Debug|Any CPU
		{72BCD758-B3D5-4D9B-AD08-24E3E5EE888E}.Release|Any CPU.ActiveCfg = Release|Any CPU
		{72BCD758-B3D5-4D9B-AD08-24E3E5EE888E}.Release|Any CPU.Build.0 = Release|Any CPU
	EndGlobalSection
	GlobalSection(SolutionProperties) = preSolution
		HideSolutionNode = FALSE
	EndGlobalSection
	GlobalSection(ExtensibilityGlobals) = postSolution
		SolutionGuid = {557B8C7A-21A7-45BE-AB6C-D2352C67A4C2}
	EndGlobalSection
EndGlobal
